
Microsoft Visual Studio Solution File, Format Version 12.00
# Visual Studio Version 17
VisualStudioVersion = 17.11.35222.181
MinimumVisualStudioVersion = 10.0.40219.1
Project("{FAE04EC0-301F-11D3-BF4B-00C04F79EFBC}") = "berek2020", "berek2020.csproj", "{2A6A7383-EB68-4030-8A32-10AB44390B28}"
EndProject
Global
	GlobalSection(SolutionConfigurationPlatforms) = preSolution
		Debug|Any CPU = Debug|Any CPU
		Release|Any CPU = Release|Any CPU
	EndGlobalSection
	GlobalSection(ProjectConfigurationPlatforms) = postSolution
		{2A6A7383-EB68-4030-8A32-10AB44390B28}.Debug|Any CPU.ActiveCfg = Debug|Any CPU
		{2A6A7383-EB68-4030-8A32-10AB44390B28}.Debug|Any CPU.Build.0 = Debug|Any CPU
		{2A6A7383-EB68-4030-8A32-10AB44390B28}.Release|Any CPU.ActiveCfg = Release|Any CPU
		{2A6A7383-EB68-4030-8A32-10AB44390B28}.Release|Any CPU.Build.0 = Release|Any CPU
	EndGlobalSection
	GlobalSection(SolutionProperties) = preSolution
		HideSolutionNode = FALSE
	EndGlobalSection
	GlobalSection(ExtensibilityGlobals) = postSolution
		SolutionGuid = {7589BC36-C548-4247-9528-743C0B7173BE}
	EndGlobalSection
EndGlobal
